
Microsoft Visual Studio Solution File, Format Version 12.00
# Visual Studio 15
VisualStudioVersion = 15.0.27703.2042
MinimumVisualStudioVersion = 10.0.40219.1
Project("{FAE04EC0-301F-11D3-BF4B-00C04F79EFBC}") = "WebstoreConsole", "WebstoreConsole\WebstoreConsole.csproj", "{4C5AC198-511D-4D06-B6BC-AA0A66692EDF}"
EndProject
Project("{2150E333-8FDC-42A3-9474-1A3956D46DE8}") = "Solution Items", "Solution Items", "{F0CC2646-B623-49E9-9167-2DE998F82A93}"
	ProjectSection(SolutionItems) = preProject
		readme.md = readme.md
	EndProjectSection
EndProject
Project("{9A19103F-16F7-4668-BE54-9A1E7A4F7556}") = "Datalayer", "Datalayer\Datalayer.csproj", "{B9C6DB86-4024-4B97-9B35-23B5B1DE9F5B}"
EndProject
Project("{9A19103F-16F7-4668-BE54-9A1E7A4F7556}") = "ServiceLayer", "ServiceLayer\ServiceLayer.csproj", "{0C0B62AB-2F79-4FD3-834A-450DA7E24088}"
EndProject
Project("{9A19103F-16F7-4668-BE54-9A1E7A4F7556}") = "Databasetest", "Databasetest\Databasetest.csproj", "{59AF88EC-31FE-469D-9B02-97E954E0B040}"
EndProject
Global
	GlobalSection(SolutionConfigurationPlatforms) = preSolution
		Debug|Any CPU = Debug|Any CPU
		Release|Any CPU = Release|Any CPU
	EndGlobalSection
	GlobalSection(ProjectConfigurationPlatforms) = postSolution
		{4C5AC198-511D-4D06-B6BC-AA0A66692EDF}.Debug|Any CPU.ActiveCfg = Debug|Any CPU
		{4C5AC198-511D-4D06-B6BC-AA0A66692EDF}.Debug|Any CPU.Build.0 = Debug|Any CPU
		{4C5AC198-511D-4D06-B6BC-AA0A66692EDF}.Release|Any CPU.ActiveCfg = Release|Any CPU
		{4C5AC198-511D-4D06-B6BC-AA0A66692EDF}.Release|Any CPU.Build.0 = Release|Any CPU
		{B9C6DB86-4024-4B97-9B35-23B5B1DE9F5B}.Debug|Any CPU.ActiveCfg = Debug|Any CPU
		{B9C6DB86-4024-4B97-9B35-23B5B1DE9F5B}.Debug|Any CPU.Build.0 = Debug|Any CPU
		{B9C6DB86-4024-4B97-9B35-23B5B1DE9F5B}.Release|Any CPU.ActiveCfg = Release|Any CPU
		{B9C6DB86-4024-4B97-9B35-23B5B1DE9F5B}.Release|Any CPU.Build.0 = Release|Any CPU
		{0C0B62AB-2F79-4FD3-834A-450DA7E24088}.Debug|Any CPU.ActiveCfg = Debug|Any CPU
		{0C0B62AB-2F79-4FD3-834A-450DA7E24088}.Debug|Any CPU.Build.0 = Debug|Any CPU
		{0C0B62AB-2F79-4FD3-834A-450DA7E24088}.Release|Any CPU.ActiveCfg = Release|Any CPU
		{0C0B62AB-2F79-4FD3-834A-450DA7E24088}.Release|Any CPU.Build.0 = Release|Any CPU
		{59AF88EC-31FE-469D-9B02-97E954E0B040}.Debug|Any CPU.ActiveCfg = Debug|Any CPU
		{59AF88EC-31FE-469D-9B02-97E954E0B040}.Debug|Any CPU.Build.0 = Debug|Any CPU
		{59AF88EC-31FE-469D-9B02-97E954E0B040}.Release|Any CPU.ActiveCfg = Release|Any CPU
		{59AF88EC-31FE-469D-9B02-97E954E0B040}.Release|Any CPU.Build.0 = Release|Any CPU
	EndGlobalSection
	GlobalSection(SolutionProperties) = preSolution
		HideSolutionNode = FALSE
	EndGlobalSection
	GlobalSection(ExtensibilityGlobals) = postSolution
		SolutionGuid = {29D5236C-D036-4ADA-B8D3-D95BA20BF1C0}
	EndGlobalSection
EndGlobal
